{
  "name": "e2e",
  "version": "0.0.0-dev",
  "lockfileVersion": 3,
  "requires": true,
  "packages": {
    "": {
      "name": "e2e",
      "version": "0.0.0-dev",
      "license": "MIT",
      "devDependencies": {
        "@lvce-editor/test-with-playwright": "^5.0.1"
      }
    },
    "node_modules/@lvce-editor/assert": {
      "version": "1.4.0",
      "resolved": "https://registry.npmjs.org/@lvce-editor/assert/-/assert-1.4.0.tgz",
      "integrity": "sha512-YbsNvT6V1+VM+PJRiQC5VEqAdAeiSMh5flQuioVdTjBHinu+Rbb2qP3uaxiJFjA2KN3k9UUYyvQrEAWYnUtarw==",
      "dev": true,
      "license": "MIT"
    },
    "node_modules/@lvce-editor/command": {
      "version": "2.0.0",
      "resolved": "https://registry.npmjs.org/@lvce-editor/command/-/command-2.0.0.tgz",
      "integrity": "sha512-NZokXOACzuRoIpsHVHx+VhNQwM/QcQ4bl3wc8DgDM/+AxAVT2EU8S9cVQQedtJj94N35zmAB2To6Egm8aifOlw==",
      "dev": true,
      "license": "MIT"
    },
    "node_modules/@lvce-editor/constants": {
      "version": "1.17.0",
      "resolved": "https://registry.npmjs.org/@lvce-editor/constants/-/constants-1.17.0.tgz",
      "integrity": "sha512-gHFuvKMZiCRTefFYDXacxIK1xJuOuLAZ+7yQQB+F2GgY+dHpIFrUHzrRT57SDUEx5+7l7i302I/avemBr0yRMA==",
      "dev": true,
      "license": "MIT"
    },
    "node_modules/@lvce-editor/ipc": {
      "version": "14.5.0",
      "resolved": "https://registry.npmjs.org/@lvce-editor/ipc/-/ipc-14.5.0.tgz",
      "integrity": "sha512-oji1pNOykFeKX9T0vZdgUO7HH0YwIaMzbK3sUreyoE2xdOWqBt2zlK3kw2FZlvYbmqzb4Pb4qedCjANpD3pqhw==",
      "dev": true,
      "license": "MIT",
      "dependencies": {
        "@lvce-editor/assert": "^1.4.0",
        "@lvce-editor/verror": "^1.7.0",
        "@lvce-editor/web-socket-server": "^2.1.0"
      },
      "engines": {
        "node": ">=22"
      }
    },
    "node_modules/@lvce-editor/json-rpc": {
      "version": "7.0.0",
      "resolved": "https://registry.npmjs.org/@lvce-editor/json-rpc/-/json-rpc-7.0.0.tgz",
      "integrity": "sha512-vlWYpPZ7NG4Du+ebQT5mtOM74GwV2OLbnQl1NJ5CaJHJKCs628Ns6vytCnKUEscEhD03tTkfu5igd8ahaUz83Q==",
      "dev": true,
      "license": "MIT"
    },
    "node_modules/@lvce-editor/rpc": {
      "version": "4.19.0",
      "resolved": "https://registry.npmjs.org/@lvce-editor/rpc/-/rpc-4.19.0.tgz",
      "integrity": "sha512-1X9M6xBrsCNB+3YJI4XWLQ2v6+31KzwhvjMdErXwol3y1Ge7Cyg6eXzNHD5X6xx1q/b4501EhOUz2hdc+jB66g==",
      "dev": true,
      "license": "MIT",
      "dependencies": {
        "@lvce-editor/command": "^2.0.0",
        "@lvce-editor/ipc": "^14.5.0",
        "@lvce-editor/json-rpc": "^7.0.0"
      }
    },
    "node_modules/@lvce-editor/rpc-registry": {
      "version": "3.6.0",
      "resolved": "https://registry.npmjs.org/@lvce-editor/rpc-registry/-/rpc-registry-3.6.0.tgz",
      "integrity": "sha512-lbMC3+et/CourwRpGpLSp6WygVTK1V2BiVhNWG24mGIKFX79q6pubFnnIXUcWznmTR6Uo/IQVrOiO8KNVcI9RQ==",
      "dev": true,
      "license": "MIT",
      "dependencies": {
        "@lvce-editor/constants": "^1.5.0",
        "@lvce-editor/rpc": "^4.18.0"
      }
    },
    "node_modules/@lvce-editor/test-with-playwright": {
      "version": "5.0.1",
      "resolved": "https://registry.npmjs.org/@lvce-editor/test-with-playwright/-/test-with-playwright-5.0.1.tgz",
      "integrity": "sha512-kMc8qYm3m5QUdvlvGV4t68oLp8gJWziZcOXAExNgvEaVloeN2fy/KRjcPPsmkMr/eQquP3ifY41qKrI1oPQYoQ==",
      "dev": true,
      "license": "MIT",
      "dependencies": {
        "@lvce-editor/assert": "^1.4.0",
        "@lvce-editor/rpc": "^4.18.0",
        "@lvce-editor/test-with-playwright-worker": "5.0.1",
        "@lvce-editor/test-worker": "^5.4.0",
        "@lvce-editor/verror": "^1.7.0",
        "minimist": "^1.2.8"
      },
      "bin": {
        "test-with-playwright": "bin/test-with-playwright.js"
      }
    },
    "node_modules/@lvce-editor/test-with-playwright-worker": {
      "version": "5.0.1",
      "resolved": "https://registry.npmjs.org/@lvce-editor/test-with-playwright-worker/-/test-with-playwright-worker-5.0.1.tgz",
      "integrity": "sha512-cQaR2FypcEWE6Gk9cXtaLTslJzrAG+wE3oNa1qUmAhgVH7+5U4T1Rq95kqWfJy8gGEbX2leyM8g225p6gd/xfQ==",
      "dev": true,
      "license": "MIT",
      "dependencies": {
        "@lvce-editor/assert": "^1.4.0",
        "@lvce-editor/rpc": "^4.18.0",
        "@lvce-editor/rpc-registry": "^3.6.0",
        "@lvce-editor/verror": "^1.7.0",
        "@playwright/test": "1.55.0",
        "get-port": "^7.1.0"
      }
    },
    "node_modules/@lvce-editor/test-worker": {
      "version": "5.9.0",
      "resolved": "https://registry.npmjs.org/@lvce-editor/test-worker/-/test-worker-5.9.0.tgz",
      "integrity": "sha512-oIbsOsMFx2fDVBhGV8i0gb5JChrv3tPk9RhcNAAXh64nrUZJHcLvtyK0+cnJ7jiS6K0iUeTZVO9yCepSRPF7vA==",
      "dev": true,
      "license": "MIT"
    },
    "node_modules/@lvce-editor/verror": {
      "version": "1.7.0",
      "resolved": "https://registry.npmjs.org/@lvce-editor/verror/-/verror-1.7.0.tgz",
      "integrity": "sha512-+LGuAEIC2L7pbvkyAQVWM2Go0dAy+UWEui28g07zNtZsCBhm+gusBK8PNwLJLV5Jay+TyUYuwLIbJdjLLzqEBg==",
      "dev": true,
      "license": "MIT"
    },
    "node_modules/@lvce-editor/web-socket-server": {
      "version": "2.1.0",
      "resolved": "https://registry.npmjs.org/@lvce-editor/web-socket-server/-/web-socket-server-2.1.0.tgz",
      "integrity": "sha512-Yldf6nJ4seaFaysYTkkLkOhuJQxkdyX/u01vk1X0dXi21882wMtQbDmYZoAg9rVGWbdBFDIdAJ99pFCAM8eUQA==",
      "dev": true,
      "license": "MIT",
      "dependencies": {
        "ws": "^8.18.2"
      },
      "engines": {
        "node": ">=22"
      }
    },
    "node_modules/@playwright/test": {
      "version": "1.55.0",
      "resolved": "https://registry.npmjs.org/@playwright/test/-/test-1.55.0.tgz",
      "integrity": "sha512-04IXzPwHrW69XusN/SIdDdKZBzMfOT9UNT/YiJit/xpy2VuAoB8NHc8Aplb96zsWDddLnbkPL3TsmrS04ZU2xQ==",
      "dev": true,
      "license": "Apache-2.0",
      "dependencies": {
        "playwright": "1.55.0"
      },
      "bin": {
        "playwright": "cli.js"
      },
      "engines": {
        "node": ">=18"
      }
    },
    "node_modules/fsevents": {
      "version": "2.3.2",
      "resolved": "https://registry.npmjs.org/fsevents/-/fsevents-2.3.2.tgz",
      "integrity": "sha512-xiqMQR4xAeHTuB9uWm+fFRcIOgKBMiOBP+eXiyT7jsgVCq1bkVygt00oASowB7EdtpOHaaPgKt812P9ab+DDKA==",
      "dev": true,
      "hasInstallScript": true,
      "license": "MIT",
      "optional": true,
      "os": [
        "darwin"
      ],
      "engines": {
        "node": "^8.16.0 || ^10.6.0 || >=11.0.0"
      }
    },
    "node_modules/get-port": {
      "version": "7.1.0",
      "resolved": "https://registry.npmjs.org/get-port/-/get-port-7.1.0.tgz",
      "integrity": "sha512-QB9NKEeDg3xxVwCCwJQ9+xycaz6pBB6iQ76wiWMl1927n0Kir6alPiP+yuiICLLU4jpMe08dXfpebuQppFA2zw==",
      "dev": true,
      "license": "MIT",
      "engines": {
        "node": ">=16"
      },
      "funding": {
        "url": "https://github.com/sponsors/sindresorhus"
      }
    },
    "node_modules/minimist": {
      "version": "1.2.8",
      "resolved": "https://registry.npmjs.org/minimist/-/minimist-1.2.8.tgz",
      "integrity": "sha512-2yyAR8qBkN3YuheJanUpWC5U3bb5osDywNB8RzDVlDwDHbocAJveqqj1u8+SVD7jkWT4yvsHCpWqqWqAxb0zCA==",
      "dev": true,
      "license": "MIT",
      "funding": {
        "url": "https://github.com/sponsors/ljharb"
      }
    },
    "node_modules/playwright": {
      "version": "1.55.0",
      "resolved": "https://registry.npmjs.org/playwright/-/playwright-1.55.0.tgz",
      "integrity": "sha512-sdCWStblvV1YU909Xqx0DhOjPZE4/5lJsIS84IfN9dAZfcl/CIZ5O8l3o0j7hPMjDvqoTF8ZUcc+i/GL5erstA==",
      "dev": true,
      "license": "Apache-2.0",
      "dependencies": {
        "playwright-core": "1.55.0"
      },
      "bin": {
        "playwright": "cli.js"
      },
      "engines": {
        "node": ">=18"
      },
      "optionalDependencies": {
        "fsevents": "2.3.2"
      }
    },
    "node_modules/playwright-core": {
      "version": "1.55.0",
      "resolved": "https://registry.npmjs.org/playwright-core/-/playwright-core-1.55.0.tgz",
      "integrity": "sha512-GvZs4vU3U5ro2nZpeiwyb0zuFaqb9sUiAJuyrWpcGouD8y9/HLgGbNRjIph7zU9D3hnPaisMl9zG9CgFi/biIg==",
      "dev": true,
      "license": "Apache-2.0",
      "bin": {
        "playwright-core": "cli.js"
      },
      "engines": {
        "node": ">=18"
      }
    },
    "node_modules/ws": {
      "version": "8.18.3",
      "resolved": "https://registry.npmjs.org/ws/-/ws-8.18.3.tgz",
      "integrity": "sha512-PEIGCY5tSlUt50cqyMXfCzX+oOPqN0vuGqWzbcJ2xvnkzkq46oOpz7dQaTDBdfICb4N14+GARUDw2XV2N4tvzg==",
      "dev": true,
      "license": "MIT",
      "engines": {
        "node": ">=10.0.0"
      },
      "peerDependencies": {
        "bufferutil": "^4.0.1",
        "utf-8-validate": ">=5.0.2"
      },
      "peerDependenciesMeta": {
        "bufferutil": {
          "optional": true
        },
        "utf-8-validate": {
          "optional": true
        }
      }
    }
  }
}
