{
  "name": "e2e",
  "version": "0.0.0-dev",
  "lockfileVersion": 3,
  "requires": true,
  "packages": {
    "": {
      "name": "e2e",
      "version": "0.0.0-dev",
      "license": "MIT",
      "devDependencies": {
        "@lvce-editor/test-with-playwright": "^8.1.0"
      }
    },
    "node_modules/@lvce-editor/constants": {
      "version": "1.25.0",
      "resolved": "https://registry.npmjs.org/@lvce-editor/constants/-/constants-1.25.0.tgz",
      "integrity": "sha512-5u27B9wPz3jwj791kGpjItbyq3hCcVto0wvP1ApXYytp5W5XVIhyPnmt3fwaGlGr35Y9W6OxrstVg0oxCmrwSA==",
      "dev": true,
      "license": "MIT"
    },
    "node_modules/@lvce-editor/test-with-playwright": {
      "version": "8.1.0",
      "resolved": "https://registry.npmjs.org/@lvce-editor/test-with-playwright/-/test-with-playwright-8.1.0.tgz",
      "integrity": "sha512-pwgL/eoHBJOWRzg1w4LDs+DZqNT9H1rd4eNO221NnNTkxZhqZfj0U1QQvKQYJr4YGMLL5453ffYK55nKo97vKw==",
      "dev": true,
      "license": "MIT",
      "dependencies": {
        "@lvce-editor/test-with-playwright-worker": "8.1.0",
        "@lvce-editor/test-worker": "^7.6.0"
      },
      "bin": {
        "test-with-playwright": "bin/test-with-playwright.js"
      },
      "engines": {
        "node": ">=22"
      }
    },
    "node_modules/@lvce-editor/test-with-playwright-worker": {
      "version": "8.1.0",
      "resolved": "https://registry.npmjs.org/@lvce-editor/test-with-playwright-worker/-/test-with-playwright-worker-8.1.0.tgz",
      "integrity": "sha512-Lmy0OifdLyrsu6Isevt7X2xOhAqPTHq+rt/tj6RlZU5xWV2xuEqHi3guxkTKuIoTU30KR2igj3uqDlC+zQMuAQ==",
      "dev": true,
      "license": "MIT",
      "dependencies": {
        "@playwright/test": "1.55.1"
      },
      "engines": {
        "node": ">=22"
      }
    },
    "node_modules/@lvce-editor/test-worker": {
      "version": "7.9.0",
      "resolved": "https://registry.npmjs.org/@lvce-editor/test-worker/-/test-worker-7.9.0.tgz",
      "integrity": "sha512-VVg1nGi9rzh0NrR2u1UlkFTdVp9jLaZC1cPRVa74mFKRDnZ6j4C2UeAanzQiIs0BYVn5+EIGJS+Qj3eOsPLWjg==",
      "dev": true,
      "license": "MIT",
      "dependencies": {
        "@lvce-editor/constants": "^1.24.0"
      }
    },
    "node_modules/@playwright/test": {
      "version": "1.55.1",
      "resolved": "https://registry.npmjs.org/@playwright/test/-/test-1.55.1.tgz",
      "integrity": "sha512-IVAh/nOJaw6W9g+RJVlIQJ6gSiER+ae6mKQ5CX1bERzQgbC1VSeBlwdvczT7pxb0GWiyrxH4TGKbMfDb4Sq/ig==",
      "dev": true,
      "license": "Apache-2.0",
      "dependencies": {
        "playwright": "1.55.1"
      },
      "bin": {
        "playwright": "cli.js"
      },
      "engines": {
        "node": ">=18"
      }
    },
    "node_modules/fsevents": {
      "version": "2.3.2",
      "resolved": "https://registry.npmjs.org/fsevents/-/fsevents-2.3.2.tgz",
      "integrity": "sha512-xiqMQR4xAeHTuB9uWm+fFRcIOgKBMiOBP+eXiyT7jsgVCq1bkVygt00oASowB7EdtpOHaaPgKt812P9ab+DDKA==",
      "dev": true,
      "hasInstallScript": true,
      "license": "MIT",
      "optional": true,
      "os": [
        "darwin"
      ],
      "engines": {
        "node": "^8.16.0 || ^10.6.0 || >=11.0.0"
      }
    },
    "node_modules/playwright": {
      "version": "1.55.1",
      "resolved": "https://registry.npmjs.org/playwright/-/playwright-1.55.1.tgz",
      "integrity": "sha512-cJW4Xd/G3v5ovXtJJ52MAOclqeac9S/aGGgRzLabuF8TnIb6xHvMzKIa6JmrRzUkeXJgfL1MhukP0NK6l39h3A==",
      "dev": true,
      "license": "Apache-2.0",
      "dependencies": {
        "playwright-core": "1.55.1"
      },
      "bin": {
        "playwright": "cli.js"
      },
      "engines": {
        "node": ">=18"
      },
      "optionalDependencies": {
        "fsevents": "2.3.2"
      }
    },
    "node_modules/playwright-core": {
      "version": "1.55.1",
      "resolved": "https://registry.npmjs.org/playwright-core/-/playwright-core-1.55.1.tgz",
      "integrity": "sha512-Z6Mh9mkwX+zxSlHqdr5AOcJnfp+xUWLCt9uKV18fhzA8eyxUd8NUWzAjxUh55RZKSYwDGX0cfaySdhZJGMoJ+w==",
      "dev": true,
      "license": "Apache-2.0",
      "bin": {
        "playwright-core": "cli.js"
      },
      "engines": {
        "node": ">=18"
      }
    }
  }
}
