{
  "name": "e2e",
  "version": "0.0.0-dev",
  "lockfileVersion": 3,
  "requires": true,
  "packages": {
    "": {
      "name": "e2e",
      "version": "0.0.0-dev",
      "license": "MIT",
      "devDependencies": {
        "@lvce-editor/test-with-playwright": "^14.0.0"
      }
    },
    "node_modules/@lvce-editor/constants": {
      "version": "2.10.0",
      "resolved": "https://registry.npmjs.org/@lvce-editor/constants/-/constants-2.10.0.tgz",
      "integrity": "sha512-JZ2hu1ZUaMQDsAi3b1E1CYzHsTlLaPO8htYzH5gvN11sLkUPyI51BlP3yZOOs9tlwJa0itN5Wy2utPyiy+NscQ==",
      "dev": true,
      "license": "MIT"
    },
    "node_modules/@lvce-editor/test-with-playwright": {
      "version": "14.0.0",
      "resolved": "https://registry.npmjs.org/@lvce-editor/test-with-playwright/-/test-with-playwright-14.0.0.tgz",
      "integrity": "sha512-LkWGM7vFEEcee0zXee11jwvGwffRouqbxzKYmc9Pr5w4plhEV7Hbr7BM2F29dxnqn9A9dU740k1Ljx9ptJFFPw==",
      "dev": true,
      "license": "MIT",
      "dependencies": {
        "@lvce-editor/test-with-playwright-worker": "14.0.0",
        "@lvce-editor/test-worker": "^11.8.0"
      },
      "bin": {
        "test-with-playwright": "bin/test-with-playwright.js"
      },
      "engines": {
        "node": ">=24"
      }
    },
    "node_modules/@lvce-editor/test-with-playwright-worker": {
      "version": "14.0.0",
      "resolved": "https://registry.npmjs.org/@lvce-editor/test-with-playwright-worker/-/test-with-playwright-worker-14.0.0.tgz",
      "integrity": "sha512-lSTdj3yEGnbVxSKfheCJVSvPgOUW5bTu1f6QhzjXoM2UjAtvGmb/4foz3X3RWB1cZrwdB2UFjyKIBWynKaLHfw==",
      "dev": true,
      "license": "MIT",
      "dependencies": {
        "@playwright/test": "1.58.0"
      },
      "engines": {
        "node": ">=24"
      }
    },
    "node_modules/@lvce-editor/test-worker": {
      "version": "11.8.0",
      "resolved": "https://registry.npmjs.org/@lvce-editor/test-worker/-/test-worker-11.8.0.tgz",
      "integrity": "sha512-fVGfaV0ZSedXelZ5qvboKVdNJviOEmoKStIyK00tC7btn46CI7Q2qk1sdAYhTBdSC8MMRKYDQvGUf00uI+J5KQ==",
      "dev": true,
      "license": "MIT",
      "dependencies": {
        "@lvce-editor/constants": "^2.9.0"
      }
    },
    "node_modules/@playwright/test": {
      "version": "1.58.0",
      "resolved": "https://registry.npmjs.org/@playwright/test/-/test-1.58.0.tgz",
      "integrity": "sha512-fWza+Lpbj6SkQKCrU6si4iu+fD2dD3gxNHFhUPxsfXBPhnv3rRSQVd0NtBUT9Z/RhF/boCBcuUaMUSTRTopjZg==",
      "dev": true,
      "license": "Apache-2.0",
      "dependencies": {
        "playwright": "1.58.0"
      },
      "bin": {
        "playwright": "cli.js"
      },
      "engines": {
        "node": ">=18"
      }
    },
    "node_modules/fsevents": {
      "version": "2.3.2",
      "resolved": "https://registry.npmjs.org/fsevents/-/fsevents-2.3.2.tgz",
      "integrity": "sha512-xiqMQR4xAeHTuB9uWm+fFRcIOgKBMiOBP+eXiyT7jsgVCq1bkVygt00oASowB7EdtpOHaaPgKt812P9ab+DDKA==",
      "dev": true,
      "hasInstallScript": true,
      "license": "MIT",
      "optional": true,
      "os": [
        "darwin"
      ],
      "engines": {
        "node": "^8.16.0 || ^10.6.0 || >=11.0.0"
      }
    },
    "node_modules/playwright": {
      "version": "1.58.0",
      "resolved": "https://registry.npmjs.org/playwright/-/playwright-1.58.0.tgz",
      "integrity": "sha512-2SVA0sbPktiIY/MCOPX8e86ehA/e+tDNq+e5Y8qjKYti2Z/JG7xnronT/TXTIkKbYGWlCbuucZ6dziEgkoEjQQ==",
      "dev": true,
      "license": "Apache-2.0",
      "dependencies": {
        "playwright-core": "1.58.0"
      },
      "bin": {
        "playwright": "cli.js"
      },
      "engines": {
        "node": ">=18"
      },
      "optionalDependencies": {
        "fsevents": "2.3.2"
      }
    },
    "node_modules/playwright-core": {
      "version": "1.58.0",
      "resolved": "https://registry.npmjs.org/playwright-core/-/playwright-core-1.58.0.tgz",
      "integrity": "sha512-aaoB1RWrdNi3//rOeKuMiS65UCcgOVljU46At6eFcOFPFHWtd2weHRRow6z/n+Lec0Lvu0k9ZPKJSjPugikirw==",
      "dev": true,
      "license": "Apache-2.0",
      "bin": {
        "playwright-core": "cli.js"
      },
      "engines": {
        "node": ">=18"
      }
    }
  }
}
